
Microsoft Visual Studio Solution File, Format Version 12.00
# Visual Studio Version 17
VisualStudioVersion = 17.2.32519.379
MinimumVisualStudioVersion = 10.0.40219.1
Project("{9A19103F-16F7-4668-BE54-9A1E7A4F7556}") = "spotify-api-top-console-app", "spotify-api-top-console-app.csproj", "{234F87A1-67A4-4990-A679-34BE94645782}"
EndProject
Global
	GlobalSection(SolutionConfigurationPlatforms) = preSolution
		Debug|Any CPU = Debug|Any CPU
		Release|Any CPU = Release|Any CPU
	EndGlobalSection
	GlobalSection(ProjectConfigurationPlatforms) = postSolution
		{234F87A1-67A4-4990-A679-34BE94645782}.Debug|Any CPU.ActiveCfg = Debug|Any CPU
		{234F87A1-67A4-4990-A679-34BE94645782}.Debug|Any CPU.Build.0 = Debug|Any CPU
		{234F87A1-67A4-4990-A679-34BE94645782}.Release|Any CPU.ActiveCfg = Release|Any CPU
		{234F87A1-67A4-4990-A679-34BE94645782}.Release|Any CPU.Build.0 = Release|Any CPU
	EndGlobalSection
	GlobalSection(SolutionProperties) = preSolution
		HideSolutionNode = FALSE
	EndGlobalSection
	GlobalSection(ExtensibilityGlobals) = postSolution
		SolutionGuid = {0C6C10FD-234C-42E0-A81B-EC3B4FC83A4F}
	EndGlobalSection
EndGlobal
